# This file is autogenerated, do not edit; changes may be undone by the next 'dep ensure'.


[[projects]]
  digest = "1:e4f5819333ac698d294fe04dbf640f84719658d5c7ce195b10060cc37292ce79"
  name = "github.com/golang/snappy"
  packages = ["."]
  pruneopts = "UT"
  revision = "2a8bb927dd31d8daada140a5d09578521ce5c36a"
  version = "v0.0.1"

[[projects]]
  digest = "1:ef3cead820d3cea3e6f5109c4a69a9459c68514b07b0088182a19bd45a8d3400"
  name = "github.com/gomodule/redigo"
  packages = ["redis"]
  pruneopts = "UT"
  revision = "e8fc0692a7e26a05b06517348ed466349062eb47"

[[projects]]
  digest = "1:6c33c6983dfc12564578269a9a9b0f857c36da85a8d67cd82f6c2ac39ccf0d38"
  name = "github.com/klauspost/compress"
  packages = [
    "fse",
    "huff0",
    "snappy",
    "zstd",
    "zstd/internal/xxhash",
  ]
  pruneopts = "UT"
  revision = "e0319150c61f7f25672c963b38547246a11a7f08"
  version = "v1.10.11"

[[projects]]
  digest = "1:af52537e91171a58eed809011d85641ccd78dc5c088665f30805520f8b7778ee"
  name = "github.com/pierrec/lz4"
  packages = [
    ".",
    "internal/xxh32",
  ]
  pruneopts = "UT"
  revision = "65e4285c566323a894d155441e5279ec4a9884f4"
  version = "v2.5.2"

[[projects]]
  digest = "1:5feee6bdd665536050f19dab6b091fb295b63cde9f832e686cc79c8d770d09fc"
  name = "github.com/segmentio/kafka-go"
  packages = [
    ".",
    "compress",
    "compress/gzip",
    "compress/lz4",
    "compress/snappy",
    "compress/zstd",
    "protocol",
    "protocol/apiversions",
    "protocol/createtopics",
    "protocol/deletetopics",
    "protocol/fetch",
    "protocol/findcoordinator",
    "protocol/listoffsets",
    "protocol/metadata",
    "protocol/offsetfetch",
    "protocol/produce",
    "protocol/saslauthenticate",
    "protocol/saslhandshake",
    "sasl",
  ]
  pruneopts = "UT"
  revision = "ee2efb7330a0a17897e55d6156b4eecd0084e7a3"
  version = "v0.4.2"

[solve-meta]
  analyzer-name = "dep"
  analyzer-version = 1
  input-imports = [
    "github.com/gomodule/redigo/redis",
    "github.com/segmentio/kafka-go",
  ]
  solver-name = "gps-cdcl"
  solver-version = 1
